
Microsoft Visual Studio Solution File, Format Version 12.00
# Visual Studio 14
VisualStudioVersion = 14.0.25420.1
MinimumVisualStudioVersion = 10.0.40219.1
Project("{FAE04EC0-301F-11D3-BF4B-00C04F79EFBC}") = "Service", "Service\Service.csproj", "{D88F9972-B6F7-4D2F-ADD3-47C217D4E0BB}"
EndProject
Project("{FAE04EC0-301F-11D3-BF4B-00C04F79EFBC}") = "Service.Tests", "Service.Tests\Service.Tests.csproj", "{C187ACFF-B2CC-44E1-BF37-2E73FAC110C2}"
EndProject
Global
	GlobalSection(SolutionConfigurationPlatforms) = preSolution
		Debug|Any CPU = Debug|Any CPU
		Release|Any CPU = Release|Any CPU
	EndGlobalSection
	GlobalSection(ProjectConfigurationPlatforms) = postSolution
		{D88F9972-B6F7-4D2F-ADD3-47C217D4E0BB}.Debug|Any CPU.ActiveCfg = Debug|Any CPU
		{D88F9972-B6F7-4D2F-ADD3-47C217D4E0BB}.Debug|Any CPU.Build.0 = Debug|Any CPU
		{D88F9972-B6F7-4D2F-ADD3-47C217D4E0BB}.Release|Any CPU.ActiveCfg = Release|Any CPU
		{D88F9972-B6F7-4D2F-ADD3-47C217D4E0BB}.Release|Any CPU.Build.0 = Release|Any CPU
		{C187ACFF-B2CC-44E1-BF37-2E73FAC110C2}.Debug|Any CPU.ActiveCfg = Debug|Any CPU
		{C187ACFF-B2CC-44E1-BF37-2E73FAC110C2}.Debug|Any CPU.Build.0 = Debug|Any CPU
		{C187ACFF-B2CC-44E1-BF37-2E73FAC110C2}.Release|Any CPU.ActiveCfg = Release|Any CPU
		{C187ACFF-B2CC-44E1-BF37-2E73FAC110C2}.Release|Any CPU.Build.0 = Release|Any CPU
	EndGlobalSection
	GlobalSection(SolutionProperties) = preSolution
		HideSolutionNode = FALSE
	EndGlobalSection
EndGlobal
